
Microsoft Visual Studio Solution File, Format Version 12.00
# Visual Studio Version 17
VisualStudioVersion = 17.1.32414.318
MinimumVisualStudioVersion = 10.0.40219.1
Project("{FAE04EC0-301F-11D3-BF4B-00C04F79EFBC}") = "BulkyWeb2", "BulkyWeb2\BulkyWeb2.csproj", "{D8134ED0-6A5A-447B-9EFB-CE9C4FE94FDA}"
EndProject
Global
	GlobalSection(SolutionConfigurationPlatforms) = preSolution
		Debug|Any CPU = Debug|Any CPU
		Release|Any CPU = Release|Any CPU
	EndGlobalSection
	GlobalSection(ProjectConfigurationPlatforms) = postSolution
		{D8134ED0-6A5A-447B-9EFB-CE9C4FE94FDA}.Debug|Any CPU.ActiveCfg = Debug|Any CPU
		{D8134ED0-6A5A-447B-9EFB-CE9C4FE94FDA}.Debug|Any CPU.Build.0 = Debug|Any CPU
		{D8134ED0-6A5A-447B-9EFB-CE9C4FE94FDA}.Release|Any CPU.ActiveCfg = Release|Any CPU
		{D8134ED0-6A5A-447B-9EFB-CE9C4FE94FDA}.Release|Any CPU.Build.0 = Release|Any CPU
	EndGlobalSection
	GlobalSection(SolutionProperties) = preSolution
		HideSolutionNode = FALSE
	EndGlobalSection
	GlobalSection(ExtensibilityGlobals) = postSolution
		SolutionGuid = {0B783BBD-7BBD-455A-9F5D-F337CC4DF1B8}
	EndGlobalSection
EndGlobal
